
Microsoft Visual Studio Solution File, Format Version 12.00
# Visual Studio Version 17
VisualStudioVersion = 17.0.32014.148
MinimumVisualStudioVersion = 10.0.40219.1
Project("{FAE04EC0-301F-11D3-BF4B-00C04F79EFBC}") = "Cytodiagnostics-Application", "Cytodiagnostics-Application\Cytodiagnostics-Application.csproj", "{B6B4BE2E-021C-4219-9118-1383F3DB4044}"
EndProject
Global
	GlobalSection(SolutionConfigurationPlatforms) = preSolution
		Debug|Any CPU = Debug|Any CPU
		Release|Any CPU = Release|Any CPU
	EndGlobalSection
	GlobalSection(ProjectConfigurationPlatforms) = postSolution
		{B6B4BE2E-021C-4219-9118-1383F3DB4044}.Debug|Any CPU.ActiveCfg = Debug|Any CPU
		{B6B4BE2E-021C-4219-9118-1383F3DB4044}.Debug|Any CPU.Build.0 = Debug|Any CPU
		{B6B4BE2E-021C-4219-9118-1383F3DB4044}.Release|Any CPU.ActiveCfg = Release|Any CPU
		{B6B4BE2E-021C-4219-9118-1383F3DB4044}.Release|Any CPU.Build.0 = Release|Any CPU
	EndGlobalSection
	GlobalSection(SolutionProperties) = preSolution
		HideSolutionNode = FALSE
	EndGlobalSection
	GlobalSection(ExtensibilityGlobals) = postSolution
		SolutionGuid = {2FB934EC-3836-4F9E-B42A-989816549C43}
	EndGlobalSection
EndGlobal
